{
  "name": "hacktamu",
  "lockfileVersion": 3,
  "requires": true,
  "packages": {
    "": {
      "dependencies": {
        "@react-native-community/masked-view": "^0.1.11",
        "@react-navigation/native": "^6.1.2",
        "react-dom": "^18.2.0",
        "react-native-gesture-handler": "^2.9.0",
        "react-native-reanimated": "^2.14.4",
        "react-native-safe-area-context": "^4.5.0",
        "react-native-screens": "^3.19.0",
        "recoil": "^0.7.6"
      }
    },
    "node_modules/@babel/code-frame": {
      "version": "7.18.6",
      "license": "MIT",
      "dependencies": {
        "@babel/highlight": "^7.18.6"
      },
      "engines": {
        "node": ">=6.9.0"
      }
    },
    "node_modules/@babel/generator": {
      "version": "7.20.14",
      "license": "MIT",
      "dependencies": {
        "@babel/types": "^7.20.7",
        "@jridgewell/gen-mapping": "^0.3.2",
        "jsesc": "^2.5.1"
      },
      "engines": {
        "node": ">=6.9.0"
      }
    },
    "node_modules/@babel/generator/node_modules/@jridgewell/gen-mapping": {
      "version": "0.3.2",
      "license": "MIT",
      "dependencies": {
        "@jridgewell/set-array": "^1.0.1",
        "@jridgewell/sourcemap-codec": "^1.4.10",
        "@jridgewell/trace-mapping": "^0.3.9"
      },
      "engines": {
        "node": ">=6.0.0"
      }
    },
    "node_modules/@babel/helper-annotate-as-pure": {
      "version": "7.18.6",
      "license": "MIT",
      "dependencies": {
        "@babel/types": "^7.18.6"
      },
      "engines": {
        "node": ">=6.9.0"
      }
    },
    "node_modules/@babel/helper-create-class-features-plugin": {
      "version": "7.20.12",
      "license": "MIT",
      "dependencies": {
        "@babel/helper-annotate-as-pure": "^7.18.6",
        "@babel/helper-environment-visitor": "^7.18.9",
        "@babel/helper-function-name": "^7.19.0",
        "@babel/helper-member-expression-to-functions": "^7.20.7",
        "@babel/helper-optimise-call-expression": "^7.18.6",
        "@babel/helper-replace-supers": "^7.20.7",
        "@babel/helper-skip-transparent-expression-wrappers": "^7.20.0",
        "@babel/helper-split-export-declaration": "^7.18.6"
      },
      "engines": {
        "node": ">=6.9.0"
      },
      "peerDependencies": {
        "@babel/core": "^7.0.0"
      }
    },
    "node_modules/@babel/helper-environment-visitor": {
      "version": "7.18.9",
      "license": "MIT",
      "engines": {
        "node": ">=6.9.0"
      }
    },
    "node_modules/@babel/helper-function-name": {
      "version": "7.19.0",
      "license": "MIT",
      "dependencies": {
        "@babel/template": "^7.18.10",
        "@babel/types": "^7.19.0"
      },
      "engines": {
        "node": ">=6.9.0"
      }
    },
    "node_modules/@babel/helper-hoist-variables": {
      "version": "7.18.6",
      "license": "MIT",
      "dependencies": {
        "@babel/types": "^7.18.6"
      },
      "engines": {
        "node": ">=6.9.0"
      }
    },
    "node_modules/@babel/helper-member-expression-to-functions": {
      "version": "7.20.7",
      "license": "MIT",
      "dependencies": {
        "@babel/types": "^7.20.7"
      },
      "engines": {
        "node": ">=6.9.0"
      }
    },
    "node_modules/@babel/helper-optimise-call-expression": {
      "version": "7.18.6",
      "license": "MIT",
      "dependencies": {
        "@babel/types": "^7.18.6"
      },
      "engines": {
        "node": ">=6.9.0"
      }
    },
    "node_modules/@babel/helper-plugin-utils": {
      "version": "7.20.2",
      "license": "MIT",
      "engines": {
        "node": ">=6.9.0"
      }
    },
    "node_modules/@babel/helper-replace-supers": {
      "version": "7.20.7",
      "license": "MIT",
      "dependencies": {
        "@babel/helper-environment-visitor": "^7.18.9",
        "@babel/helper-member-expression-to-functions": "^7.20.7",
        "@babel/helper-optimise-call-expression": "^7.18.6",
        "@babel/template": "^7.20.7",
        "@babel/traverse": "^7.20.7",
        "@babel/types": "^7.20.7"
      },
      "engines": {
        "node": ">=6.9.0"
      }
    },
    "node_modules/@babel/helper-skip-transparent-expression-wrappers": {
      "version": "7.20.0",
      "license": "MIT",
      "dependencies": {
        "@babel/types": "^7.20.0"
      },
      "engines": {
        "node": ">=6.9.0"
      }
    },
    "node_modules/@babel/helper-split-export-declaration": {
      "version": "7.18.6",
      "license": "MIT",
      "dependencies": {
        "@babel/types": "^7.18.6"
      },
      "engines": {
        "node": ">=6.9.0"
      }
    },
    "node_modules/@babel/helper-string-parser": {
      "version": "7.19.4",
      "license": "MIT",
      "engines": {
        "node": ">=6.9.0"
      }
    },
    "node_modules/@babel/helper-validator-identifier": {
      "version": "7.19.1",
      "license": "MIT",
      "engines": {
        "node": ">=6.9.0"
      }
    },
    "node_modules/@babel/helper-validator-option": {
      "version": "7.18.6",
      "license": "MIT",
      "engines": {
        "node": ">=6.9.0"
      }
    },
    "node_modules/@babel/highlight": {
      "version": "7.18.6",
      "license": "MIT",
      "dependencies": {
        "@babel/helper-validator-identifier": "^7.18.6",
        "chalk": "^2.0.0",
        "js-tokens": "^4.0.0"
      },
      "engines": {
        "node": ">=6.9.0"
      }
    },
    "node_modules/@babel/highlight/node_modules/ansi-styles": {
      "version": "3.2.1",
      "license": "MIT",
      "dependencies": {
        "color-convert": "^1.9.0"
      },
      "engines": {
        "node": ">=4"
      }
    },
    "node_modules/@babel/highlight/node_modules/chalk": {
      "version": "2.4.2",
      "license": "MIT",
      "dependencies": {
        "ansi-styles": "^3.2.1",
        "escape-string-regexp": "^1.0.5",
        "supports-color": "^5.3.0"
      },
      "engines": {
        "node": ">=4"
      }
    },
    "node_modules/@babel/highlight/node_modules/color-convert": {
      "version": "1.9.3",
      "license": "MIT",
      "dependencies": {
        "color-name": "1.1.3"
      }
    },
    "node_modules/@babel/highlight/node_modules/color-name": {
      "version": "1.1.3",
      "license": "MIT"
    },
    "node_modules/@babel/highlight/node_modules/escape-string-regexp": {
      "version": "1.0.5",
      "license": "MIT",
      "engines": {
        "node": ">=0.8.0"
      }
    },
    "node_modules/@babel/highlight/node_modules/has-flag": {
      "version": "3.0.0",
      "license": "MIT",
      "engines": {
        "node": ">=4"
      }
    },
    "node_modules/@babel/highlight/node_modules/supports-color": {
      "version": "5.5.0",
      "license": "MIT",
      "dependencies": {
        "has-flag": "^3.0.0"
      },
      "engines": {
        "node": ">=4"
      }
    },
    "node_modules/@babel/parser": {
      "version": "7.20.13",
      "license": "MIT",
      "bin": {
        "parser": "bin/babel-parser.js"
      },
      "engines": {
        "node": ">=6.0.0"
      }
    },
    "node_modules/@babel/plugin-syntax-typescript": {
      "version": "7.20.0",
      "license": "MIT",
      "dependencies": {
        "@babel/helper-plugin-utils": "^7.19.0"
      },
      "engines": {
        "node": ">=6.9.0"
      },
      "peerDependencies": {
        "@babel/core": "^7.0.0-0"
      }
    },
    "node_modules/@babel/plugin-transform-object-assign": {
      "version": "7.18.6",
      "resolved": "https://registry.npmjs.org/@babel/plugin-transform-object-assign/-/plugin-transform-object-assign-7.18.6.tgz",
      "integrity": "sha512-mQisZ3JfqWh2gVXvfqYCAAyRs6+7oev+myBsTwW5RnPhYXOTuCEw2oe3YgxlXMViXUS53lG8koulI7mJ+8JE+A==",
      "dependencies": {
        "@babel/helper-plugin-utils": "^7.18.6"
      },
      "engines": {
        "node": ">=6.9.0"
      },
      "peerDependencies": {
        "@babel/core": "^7.0.0-0"
      }
    },
    "node_modules/@babel/plugin-transform-typescript": {
      "version": "7.20.13",
      "license": "MIT",
      "dependencies": {
        "@babel/helper-create-class-features-plugin": "^7.20.12",
        "@babel/helper-plugin-utils": "^7.20.2",
        "@babel/plugin-syntax-typescript": "^7.20.0"
      },
      "engines": {
        "node": ">=6.9.0"
      },
      "peerDependencies": {
        "@babel/core": "^7.0.0-0"
      }
    },
    "node_modules/@babel/preset-typescript": {
      "version": "7.18.6",
      "license": "MIT",
      "dependencies": {
        "@babel/helper-plugin-utils": "^7.18.6",
        "@babel/helper-validator-option": "^7.18.6",
        "@babel/plugin-transform-typescript": "^7.18.6"
      },
      "engines": {
        "node": ">=6.9.0"
      },
      "peerDependencies": {
        "@babel/core": "^7.0.0-0"
      }
    },
    "node_modules/@babel/template": {
      "version": "7.20.7",
      "license": "MIT",
      "dependencies": {
        "@babel/code-frame": "^7.18.6",
        "@babel/parser": "^7.20.7",
        "@babel/types": "^7.20.7"
      },
      "engines": {
        "node": ">=6.9.0"
      }
    },
    "node_modules/@babel/traverse": {
      "version": "7.20.13",
      "license": "MIT",
      "dependencies": {
        "@babel/code-frame": "^7.18.6",
        "@babel/generator": "^7.20.7",
        "@babel/helper-environment-visitor": "^7.18.9",
        "@babel/helper-function-name": "^7.19.0",
        "@babel/helper-hoist-variables": "^7.18.6",
        "@babel/helper-split-export-declaration": "^7.18.6",
        "@babel/parser": "^7.20.13",
        "@babel/types": "^7.20.7",
        "debug": "^4.1.0",
        "globals": "^11.1.0"
      },
      "engines": {
        "node": ">=6.9.0"
      }
    },
    "node_modules/@babel/traverse/node_modules/debug": {
      "version": "4.3.4",
      "license": "MIT",
      "dependencies": {
        "ms": "2.1.2"
      },
      "engines": {
        "node": ">=6.0"
      },
      "peerDependenciesMeta": {
        "supports-color": {
          "optional": true
        }
      }
    },
    "node_modules/@babel/traverse/node_modules/ms": {
      "version": "2.1.2",
      "license": "MIT"
    },
    "node_modules/@babel/types": {
      "version": "7.20.7",
      "license": "MIT",
      "dependencies": {
        "@babel/helper-string-parser": "^7.19.4",
        "@babel/helper-validator-identifier": "^7.19.1",
        "to-fast-properties": "^2.0.0"
      },
      "engines": {
        "node": ">=6.9.0"
      }
    },
    "node_modules/@egjs/hammerjs": {
      "version": "2.0.17",
      "resolved": "https://registry.npmjs.org/@egjs/hammerjs/-/hammerjs-2.0.17.tgz",
      "integrity": "sha512-XQsZgjm2EcVUiZQf11UBJQfmZeEmOW8DpI1gsFeln6w0ae0ii4dMQEQ0kjl6DspdWX1aGY1/loyXnP0JS06e/A==",
      "dependencies": {
        "@types/hammerjs": "^2.0.36"
      },
      "engines": {
        "node": ">=0.8.0"
      }
    },
    "node_modules/@jridgewell/resolve-uri": {
      "version": "3.1.0",
      "license": "MIT",
      "engines": {
        "node": ">=6.0.0"
      }
    },
    "node_modules/@jridgewell/set-array": {
      "version": "1.1.2",
      "license": "MIT",
      "engines": {
        "node": ">=6.0.0"
      }
    },
    "node_modules/@jridgewell/sourcemap-codec": {
      "version": "1.4.14",
      "license": "MIT"
    },
    "node_modules/@jridgewell/trace-mapping": {
      "version": "0.3.17",
      "license": "MIT",
      "dependencies": {
        "@jridgewell/resolve-uri": "3.1.0",
        "@jridgewell/sourcemap-codec": "1.4.14"
      }
    },
    "node_modules/@react-native-community/masked-view": {
      "version": "0.1.11",
      "resolved": "https://registry.npmjs.org/@react-native-community/masked-view/-/masked-view-0.1.11.tgz",
      "integrity": "sha512-rQfMIGSR/1r/SyN87+VD8xHHzDYeHaJq6elOSCAD+0iLagXkSI2pfA0LmSXP21uw5i3em7GkkRjfJ8wpqWXZNw==",
      "deprecated": "Repository was moved to @react-native-masked-view/masked-view",
      "peerDependencies": {
        "react": ">=16.0",
        "react-native": ">=0.57"
      }
    },
    "node_modules/@react-navigation/core": {
      "version": "6.4.6",
      "license": "MIT",
      "dependencies": {
        "@react-navigation/routers": "^6.1.6",
        "escape-string-regexp": "^4.0.0",
        "nanoid": "^3.1.23",
        "query-string": "^7.1.3",
        "react-is": "^16.13.0",
        "use-latest-callback": "^0.1.5"
      },
      "peerDependencies": {
        "react": "*"
      }
    },
    "node_modules/@react-navigation/native": {
      "version": "6.1.2",
      "resolved": "https://registry.npmjs.org/@react-navigation/native/-/native-6.1.2.tgz",
      "integrity": "sha512-qLUe0asHofr5EhxKjvUBJ9DrPPmR4535IEwmW3oU4DRb3cLbNysjajJKHL8kcYtqPvn9Bx9QZG2x0PMb2vN23A==",
      "dependencies": {
        "@react-navigation/core": "^6.4.6",
        "escape-string-regexp": "^4.0.0",
        "fast-deep-equal": "^3.1.3",
        "nanoid": "^3.1.23"
      },
      "peerDependencies": {
        "react": "*",
        "react-native": "*"
      }
    },
    "node_modules/@react-navigation/routers": {
      "version": "6.1.6",
      "license": "MIT",
      "dependencies": {
        "nanoid": "^3.1.23"
      }
    },
    "node_modules/@types/hammerjs": {
      "version": "2.0.41",
      "resolved": "https://registry.npmjs.org/@types/hammerjs/-/hammerjs-2.0.41.tgz",
      "integrity": "sha512-ewXv/ceBaJprikMcxCmWU1FKyMAQ2X7a9Gtmzw8fcg2kIePI1crERDM818W+XYrxqdBBOdlf2rm137bU+BltCA=="
    },
    "node_modules/convert-source-map": {
      "version": "1.9.0",
      "license": "MIT"
    },
    "node_modules/decode-uri-component": {
      "version": "0.2.2",
      "license": "MIT",
      "engines": {
        "node": ">=0.10"
      }
    },
    "node_modules/escape-string-regexp": {
      "version": "4.0.0",
      "license": "MIT",
      "engines": {
        "node": ">=10"
      },
      "funding": {
        "url": "https://github.com/sponsors/sindresorhus"
      }
    },
    "node_modules/fast-deep-equal": {
      "version": "3.1.3",
      "license": "MIT"
    },
    "node_modules/filter-obj": {
      "version": "1.1.0",
      "license": "MIT",
      "engines": {
        "node": ">=0.10.0"
      }
    },
    "node_modules/globals": {
      "version": "11.12.0",
      "license": "MIT",
      "engines": {
        "node": ">=4"
      }
    },
    "node_modules/graceful-fs": {
      "version": "4.2.10",
      "license": "ISC",
      "peer": true
    },
    "node_modules/has": {
      "version": "1.0.3",
      "license": "MIT",
      "peer": true,
      "dependencies": {
        "function-bind": "^1.1.1"
      },
      "engines": {
        "node": ">= 0.4.0"
      }
    },
    "node_modules/has-flag": {
      "version": "4.0.0",
      "license": "MIT",
      "peer": true,
      "engines": {
        "node": ">=8"
      }
    },
    "node_modules/has-value": {
      "version": "1.0.0",
      "license": "MIT",
      "peer": true,
      "dependencies": {
        "get-value": "^2.0.6",
        "has-values": "^1.0.0",
        "isobject": "^3.0.0"
      },
      "engines": {
        "node": ">=0.10.0"
      }
    },
    "node_modules/has-values": {
      "version": "1.0.0",
      "license": "MIT",
      "peer": true,
      "dependencies": {
        "is-number": "^3.0.0",
        "kind-of": "^4.0.0"
      },
      "engines": {
        "node": ">=0.10.0"
      }
    },
    "node_modules/has-values/node_modules/is-number": {
      "version": "3.0.0",
      "license": "MIT",
      "peer": true,
      "dependencies": {
        "kind-of": "^3.0.2"
      },
      "engines": {
        "node": ">=0.10.0"
      }
    },
    "node_modules/has-values/node_modules/is-number/node_modules/kind-of": {
      "version": "3.2.2",
      "license": "MIT",
      "peer": true,
      "dependencies": {
        "is-buffer": "^1.1.5"
      },
      "engines": {
        "node": ">=0.10.0"
      }
    },
    "node_modules/has-values/node_modules/kind-of": {
      "version": "4.0.0",
      "license": "MIT",
      "peer": true,
      "dependencies": {
        "is-buffer": "^1.1.5"
      },
      "engines": {
        "node": ">=0.10.0"
      }
    },
    "node_modules/hermes-estree": {
      "version": "0.8.0",
      "license": "MIT",
      "peer": true
    },
    "node_modules/hermes-parser": {
      "version": "0.8.0",
      "license": "MIT",
      "peer": true,
      "dependencies": {
        "hermes-estree": "0.8.0"
      }
    },
    "node_modules/hermes-profile-transformer": {
      "version": "0.0.6",
      "license": "MIT",
      "peer": true,
      "dependencies": {
        "source-map": "^0.7.3"
      },
      "engines": {
        "node": ">=8"
      }
    },
    "node_modules/hoist-non-react-statics": {
      "version": "3.3.2",
      "resolved": "https://registry.npmjs.org/hoist-non-react-statics/-/hoist-non-react-statics-3.3.2.tgz",
      "integrity": "sha512-/gGivxi8JPKWNm/W0jSmzcMPpfpPLc3dY/6GxhX2hQ9iGj3aDfklV4ET7NjKpSinLpJ5vafa9iiGIEZg10SfBw==",
      "dependencies": {
        "react-is": "^16.7.0"
      }
    },
    "node_modules/invariant": {
      "version": "2.2.4",
      "license": "MIT",
      "dependencies": {
        "loose-envify": "^1.0.0"
      }
    },
    "node_modules/js-tokens": {
      "version": "4.0.0",
      "license": "MIT"
    },
    "node_modules/jsesc": {
      "version": "2.5.2",
      "license": "MIT",
      "bin": {
        "jsesc": "bin/jsesc"
      },
      "engines": {
        "node": ">=4"
      }
    },
    "node_modules/lodash": {
      "version": "4.17.21",
      "resolved": "https://registry.npmjs.org/lodash/-/lodash-4.17.21.tgz",
      "integrity": "sha512-v2kDEe57lecTulaDIuNTPy3Ry4gLGJ6Z1O3vE1krgXZNrsQ+LFTGHVxVjcXPs17LhbZVGedAJv8XZ1tvj5FvSg=="
    },
    "node_modules/lodash.isequal": {
      "version": "4.5.0",
      "resolved": "https://registry.npmjs.org/lodash.isequal/-/lodash.isequal-4.5.0.tgz",
      "integrity": "sha512-pDo3lu8Jhfjqls6GkMgpahsF9kCyayhgykjyLMNFTKWrpVdAQtYyB4muAMWozBB4ig/dtWAmsMxLEI8wuz+DYQ=="
    },
    "node_modules/loose-envify": {
      "version": "1.4.0",
      "license": "MIT",
      "dependencies": {
        "js-tokens": "^3.0.0 || ^4.0.0"
      },
      "bin": {
        "loose-envify": "cli.js"
      }
    },
    "node_modules/nanoid": {
      "version": "3.3.4",
      "license": "MIT",
      "bin": {
        "nanoid": "bin/nanoid.cjs"
      },
      "engines": {
        "node": "^10 || ^12 || ^13.7 || ^14 || >=15.0.1"
      }
    },
    "node_modules/object-assign": {
      "version": "4.1.1",
      "license": "MIT",
      "engines": {
        "node": ">=0.10.0"
      }
    },
    "node_modules/prop-types": {
      "version": "15.8.1",
      "license": "MIT",
      "dependencies": {
        "loose-envify": "^1.4.0",
        "object-assign": "^4.1.1",
        "react-is": "^16.13.1"
      }
    },
    "node_modules/query-string": {
      "version": "7.1.3",
      "license": "MIT",
      "dependencies": {
        "decode-uri-component": "^0.2.2",
        "filter-obj": "^1.1.0",
        "split-on-first": "^1.0.0",
        "strict-uri-encode": "^2.0.0"
      },
      "engines": {
        "node": ">=6"
      },
      "funding": {
        "url": "https://github.com/sponsors/sindresorhus"
      }
    },
    "node_modules/range-parser": {
      "version": "1.2.1",
      "license": "MIT",
      "peer": true,
      "engines": {
        "node": ">= 0.6"
      }
    },
    "node_modules/react": {
      "version": "18.2.0",
      "license": "MIT",
      "peer": true,
      "dependencies": {
        "loose-envify": "^1.1.0"
      },
      "engines": {
        "node": ">=0.10.0"
      }
    },
    "node_modules/react-devtools-core": {
      "version": "4.27.1",
      "license": "MIT",
      "peer": true,
      "dependencies": {
        "shell-quote": "^1.6.1",
        "ws": "^7"
      }
    },
    "node_modules/react-devtools-core/node_modules/ws": {
      "version": "7.5.9",
      "license": "MIT",
      "peer": true,
      "engines": {
        "node": ">=8.3.0"
      },
      "peerDependencies": {
        "bufferutil": "^4.0.1",
        "utf-8-validate": "^5.0.2"
      },
      "peerDependenciesMeta": {
        "bufferutil": {
          "optional": true
        },
        "utf-8-validate": {
          "optional": true
        }
      }
    },
    "node_modules/react-freeze": {
      "version": "1.0.3",
      "resolved": "https://registry.npmjs.org/react-freeze/-/react-freeze-1.0.3.tgz",
      "integrity": "sha512-ZnXwLQnGzrDpHBHiC56TXFXvmolPeMjTn1UOm610M4EXGzbEDR7oOIyS2ZiItgbs6eZc4oU/a0hpk8PrcKvv5g==",
      "engines": {
        "node": ">=10"
      },
      "peerDependencies": {
        "react": ">=17.0.0"
      }
    },
    "node_modules/react-is": {
      "version": "16.13.1",
      "license": "MIT"
    },
    "node_modules/react-native-gesture-handler": {
      "version": "2.9.0",
      "resolved": "https://registry.npmjs.org/react-native-gesture-handler/-/react-native-gesture-handler-2.9.0.tgz",
      "integrity": "sha512-a0BcH3Qb1tgVqUutc6d3VuWQkI1AM3+fJx8dkxzZs9t06qA27QgURYFoklpabuWpsUTzuKRpxleykp25E8m7tg==",
      "dependencies": {
        "@egjs/hammerjs": "^2.0.17",
        "hoist-non-react-statics": "^3.3.0",
        "invariant": "^2.2.4",
        "lodash": "^4.17.21",
        "prop-types": "^15.7.2"
      },
      "peerDependencies": {
        "react": "*",
        "react-native": "*"
      }
    },
    "node_modules/react-native-reanimated": {
      "version": "2.14.4",
      "resolved": "https://registry.npmjs.org/react-native-reanimated/-/react-native-reanimated-2.14.4.tgz",
      "integrity": "sha512-DquSbl7P8j4SAmc+kRdd75Ianm8G+IYQ9T4AQ6lrpLVeDkhZmjWI0wkutKWnp6L7c5XNVUrFDUf69dwETLCItQ==",
      "dependencies": {
        "@babel/plugin-transform-object-assign": "^7.16.7",
        "@babel/preset-typescript": "^7.16.7",
        "convert-source-map": "^1.7.0",
        "invariant": "^2.2.4",
        "lodash.isequal": "^4.5.0",
        "setimmediate": "^1.0.5",
        "string-hash-64": "^1.0.3"
      },
      "peerDependencies": {
        "@babel/core": "^7.0.0-0",
        "react": "*",
        "react-native": "*"
      }
    },
    "node_modules/react-native-safe-area-context": {
      "version": "4.5.0",
      "resolved": "https://registry.npmjs.org/react-native-safe-area-context/-/react-native-safe-area-context-4.5.0.tgz",
      "integrity": "sha512-0WORnk9SkREGUg2V7jHZbuN5x4vcxj/1B0QOcXJjdYWrzZHgLcUzYWWIUecUPJh747Mwjt/42RZDOaFn3L8kPQ==",
      "peerDependencies": {
        "react": "*",
        "react-native": "*"
      }
    },
    "node_modules/react-native-screens": {
      "version": "3.19.0",
      "resolved": "https://registry.npmjs.org/react-native-screens/-/react-native-screens-3.19.0.tgz",
      "integrity": "sha512-Ehsmy7jr3H3j5pmN+/FqsAaIAD+k+xkcdePfLcg4rYRbN5X7fJPgaqhcmiCcZ0YxsU8ttsstP9IvRLNQuIkRRA==",
      "dependencies": {
        "react-freeze": "^1.0.0",
        "warn-once": "^0.1.0"
      },
      "peerDependencies": {
        "react": "*",
        "react-native": "*"
      }
    },
    "node_modules/react-refresh": {
      "version": "0.4.3",
      "license": "MIT",
      "peer": true,
      "engines": {
        "node": ">=0.10.0"
      }
    },
    "node_modules/react-shallow-renderer": {
      "version": "16.15.0",
      "license": "MIT",
      "peer": true,
      "dependencies": {
        "object-assign": "^4.1.1",
        "react-is": "^16.12.0 || ^17.0.0 || ^18.0.0"
      },
      "peerDependencies": {
        "react": "^16.0.0 || ^17.0.0 || ^18.0.0"
      }
    },
    "node_modules/readable-stream": {
      "version": "3.6.0",
      "license": "MIT",
      "peer": true,
      "dependencies": {
        "inherits": "^2.0.3",
        "string_decoder": "^1.1.1",
        "util-deprecate": "^1.0.1"
      },
      "engines": {
        "node": ">= 6"
      }
    },
    "node_modules/readline": {
      "version": "1.3.0",
      "license": "BSD",
      "peer": true
    },
    "node_modules/recast": {
      "version": "0.20.5",
      "license": "MIT",
      "peer": true,
      "dependencies": {
        "ast-types": "0.14.2",
        "esprima": "~4.0.0",
        "source-map": "~0.6.1",
        "tslib": "^2.0.1"
      },
      "engines": {
        "node": ">= 4"
      }
    },
    "node_modules/recast/node_modules/source-map": {
      "version": "0.6.1",
      "license": "BSD-3-Clause",
      "peer": true,
      "engines": {
        "node": ">=0.10.0"
      }
    },
    "node_modules/regenerate": {
      "version": "1.4.2",
      "license": "MIT",
      "peer": true
    },
    "node_modules/regenerate-unicode-properties": {
      "version": "10.1.0",
      "license": "MIT",
      "peer": true,
      "dependencies": {
        "regenerate": "^1.4.2"
      },
      "engines": {
        "node": ">=4"
      }
    },
    "node_modules/regenerator-runtime": {
      "version": "0.13.11",
      "license": "MIT",
      "peer": true
    },
    "node_modules/regenerator-transform": {
      "version": "0.15.1",
      "license": "MIT",
      "peer": true,
      "dependencies": {
        "@babel/runtime": "^7.8.4"
      }
    },
    "node_modules/regex-not": {
      "version": "1.0.2",
      "license": "MIT",
      "peer": true,
      "dependencies": {
        "extend-shallow": "^3.0.2",
        "safe-regex": "^1.1.0"
      },
      "engines": {
        "node": ">=0.10.0"
      }
    },
    "node_modules/regexpu-core": {
      "version": "5.2.2",
      "license": "MIT",
      "peer": true,
      "dependencies": {
        "regenerate": "^1.4.2",
        "regenerate-unicode-properties": "^10.1.0",
        "regjsgen": "^0.7.1",
        "regjsparser": "^0.9.1",
        "unicode-match-property-ecmascript": "^2.0.0",
        "unicode-match-property-value-ecmascript": "^2.1.0"
      },
      "engines": {
        "node": ">=4"
      }
    },
    "node_modules/regjsgen": {
      "version": "0.7.1",
      "license": "MIT",
      "peer": true
    },
    "node_modules/regjsparser": {
      "version": "0.9.1",
      "license": "BSD-2-Clause",
      "peer": true,
      "dependencies": {
        "jsesc": "~0.5.0"
      },
      "bin": {
        "regjsparser": "bin/parser"
      }
    },
    "node_modules/regjsparser/node_modules/jsesc": {
      "version": "0.5.0",
      "peer": true,
      "bin": {
        "jsesc": "bin/jsesc"
      }
    },
    "node_modules/repeat-element": {
      "version": "1.1.4",
      "license": "MIT",
      "peer": true,
      "engines": {
        "node": ">=0.10.0"
      }
    },
    "node_modules/repeat-string": {
      "version": "1.6.1",
      "license": "MIT",
      "peer": true,
      "engines": {
        "node": ">=0.10"
      }
    },
    "node_modules/require-directory": {
      "version": "2.1.1",
      "license": "MIT",
      "peer": true,
      "engines": {
        "node": ">=0.10.0"
      }
    },
    "node_modules/require-main-filename": {
      "version": "2.0.0",
      "license": "ISC",
      "peer": true
    },
    "node_modules/resolve": {
      "version": "1.22.1",
      "license": "MIT",
      "peer": true,
      "dependencies": {
        "is-core-module": "^2.9.0",
        "path-parse": "^1.0.7",
        "supports-preserve-symlinks-flag": "^1.0.0"
      },
      "bin": {
        "resolve": "bin/resolve"
      },
      "funding": {
        "url": "https://github.com/sponsors/ljharb"
      }
    },
    "node_modules/resolve-from": {
      "version": "3.0.0",
      "license": "MIT",
      "peer": true,
      "engines": {
        "node": ">=4"
      }
    },
    "node_modules/resolve-url": {
      "version": "0.2.1",
      "license": "MIT",
      "peer": true
    },
    "node_modules/restore-cursor": {
      "version": "3.1.0",
      "license": "MIT",
      "peer": true,
      "dependencies": {
        "onetime": "^5.1.0",
        "signal-exit": "^3.0.2"
      },
      "engines": {
        "node": ">=8"
      }
    },
    "node_modules/ret": {
      "version": "0.1.15",
      "license": "MIT",
      "peer": true,
      "engines": {
        "node": ">=0.12"
      }
    },
    "node_modules/rimraf": {
      "version": "3.0.2",
      "license": "ISC",
      "peer": true,
      "dependencies": {
        "glob": "^7.1.3"
      },
      "bin": {
        "rimraf": "bin.js"
      },
      "funding": {
        "url": "https://github.com/sponsors/isaacs"
      }
    },
    "node_modules/safe-buffer": {
      "version": "5.1.2",
      "license": "MIT",
      "peer": true
    },
    "node_modules/safe-regex": {
      "version": "1.1.0",
      "license": "MIT",
      "peer": true,
      "dependencies": {
        "ret": "~0.1.10"
      }
    },
    "node_modules/scheduler": {
      "version": "0.23.0",
      "license": "MIT",
      "peer": true,
      "dependencies": {
        "loose-envify": "^1.1.0"
      }
    },
    "node_modules/semver": {
      "version": "6.3.0",
      "license": "ISC",
      "peer": true,
      "bin": {
        "semver": "bin/semver.js"
      }
    },
    "node_modules/send": {
      "version": "0.18.0",
      "license": "MIT",
      "peer": true,
      "dependencies": {
        "debug": "2.6.9",
        "depd": "2.0.0",
        "destroy": "1.2.0",
        "encodeurl": "~1.0.2",
        "escape-html": "~1.0.3",
        "etag": "~1.8.1",
        "fresh": "0.5.2",
        "http-errors": "2.0.0",
        "mime": "1.6.0",
        "ms": "2.1.3",
        "on-finished": "2.4.1",
        "range-parser": "~1.2.1",
        "statuses": "2.0.1"
      },
      "engines": {
        "node": ">= 0.8.0"
      }
    },
    "node_modules/send/node_modules/mime": {
      "version": "1.6.0",
      "license": "MIT",
      "peer": true,
      "bin": {
        "mime": "cli.js"
      },
      "engines": {
        "node": ">=4"
      }
    },
    "node_modules/send/node_modules/ms": {
      "version": "2.1.3",
      "license": "MIT",
      "peer": true
    },
    "node_modules/send/node_modules/on-finished": {
      "version": "2.4.1",
      "license": "MIT",
      "peer": true,
      "dependencies": {
        "ee-first": "1.1.1"
      },
      "engines": {
        "node": ">= 0.8"
      }
    },
    "node_modules/send/node_modules/statuses": {
      "version": "2.0.1",
      "license": "MIT",
      "peer": true,
      "engines": {
        "node": ">= 0.8"
      }
    },
    "node_modules/serialize-error": {
      "version": "2.1.0",
      "license": "MIT",
      "peer": true,
      "engines": {
        "node": ">=0.10.0"
      }
    },
    "node_modules/serve-static": {
      "version": "1.15.0",
      "license": "MIT",
      "peer": true,
      "dependencies": {
        "encodeurl": "~1.0.2",
        "escape-html": "~1.0.3",
        "parseurl": "~1.3.3",
        "send": "0.18.0"
      },
      "engines": {
        "node": ">= 0.8.0"
      }
    },
    "node_modules/set-blocking": {
      "version": "2.0.0",
      "license": "ISC",
      "peer": true
    },
    "node_modules/set-value": {
      "version": "2.0.1",
      "license": "MIT",
      "peer": true,
      "dependencies": {
        "extend-shallow": "^2.0.1",
        "is-extendable": "^0.1.1",
        "is-plain-object": "^2.0.3",
        "split-string": "^3.0.1"
      },
      "engines": {
        "node": ">=0.10.0"
      }
    },
    "node_modules/set-value/node_modules/extend-shallow": {
      "version": "2.0.1",
      "license": "MIT",
      "peer": true,
      "dependencies": {
        "is-extendable": "^0.1.0"
      },
      "engines": {
        "node": ">=0.10.0"
      }
    },
    "node_modules/set-value/node_modules/is-extendable": {
      "version": "0.1.1",
      "license": "MIT",
      "peer": true,
      "engines": {
        "node": ">=0.10.0"
      }
    },
    "node_modules/setimmediate": {
      "version": "1.0.5",
      "resolved": "https://registry.npmjs.org/setimmediate/-/setimmediate-1.0.5.tgz",
      "integrity": "sha512-MATJdZp8sLqDl/68LfQmbP8zKPLQNV6BIZoIgrscFDQ+RsvK/BxeDQOgyxKKoh0y/8h3BqVFnCqQ/gd+reiIXA=="
    },
    "node_modules/split-on-first": {
      "version": "1.1.0",
      "license": "MIT",
      "engines": {
        "node": ">=6"
      }
    },
    "node_modules/strict-uri-encode": {
      "version": "2.0.0",
      "license": "MIT",
      "engines": {
        "node": ">=4"
      }
    },
    "node_modules/string-hash-64": {
      "version": "1.0.3",
      "resolved": "https://registry.npmjs.org/string-hash-64/-/string-hash-64-1.0.3.tgz",
      "integrity": "sha512-D5OKWKvDhyVWWn2x5Y9b+37NUllks34q1dCDhk/vYcso9fmhs+Tl3KR/gE4v5UNj2UA35cnX4KdVVGkG1deKqw=="
    },
    "node_modules/to-fast-properties": {
      "version": "2.0.0",
      "license": "MIT",
      "engines": {
        "node": ">=4"
      }
    },
    "node_modules/use-latest-callback": {
      "version": "0.1.5",
      "license": "MIT"
    },
    "node_modules/warn-once": {
      "version": "0.1.1",
      "resolved": "https://registry.npmjs.org/warn-once/-/warn-once-0.1.1.tgz",
      "integrity": "sha512-VkQZJbO8zVImzYFteBXvBOZEl1qL175WH8VmZcxF2fZAoudNhNDvHi+doCaAEdU2l2vtcIwa2zn0QK5+I1HQ3Q=="
    }
  }
}
